
Microsoft Visual Studio Solution File, Format Version 12.00
# Visual Studio Version 16
VisualStudioVersion = 16.0.31019.35
MinimumVisualStudioVersion = 10.0.40219.1
Project("{FAE04EC0-301F-11D3-BF4B-00C04F79EFBC}") = "Eight.Zero", "Eight.Zero\Eight.Zero.csproj", "{542A84DC-84D4-4A23-ADA5-51FDECD2873F}"
EndProject
Global
	GlobalSection(SolutionConfigurationPlatforms) = preSolution
		Debug|Any CPU = Debug|Any CPU
		Release|Any CPU = Release|Any CPU
	EndGlobalSection
	GlobalSection(ProjectConfigurationPlatforms) = postSolution
		{542A84DC-84D4-4A23-ADA5-51FDECD2873F}.Debug|Any CPU.ActiveCfg = Debug|Any CPU
		{542A84DC-84D4-4A23-ADA5-51FDECD2873F}.Debug|Any CPU.Build.0 = Debug|Any CPU
		{542A84DC-84D4-4A23-ADA5-51FDECD2873F}.Release|Any CPU.ActiveCfg = Release|Any CPU
		{542A84DC-84D4-4A23-ADA5-51FDECD2873F}.Release|Any CPU.Build.0 = Release|Any CPU
	EndGlobalSection
	GlobalSection(SolutionProperties) = preSolution
		HideSolutionNode = FALSE
	EndGlobalSection
	GlobalSection(ExtensibilityGlobals) = postSolution
		SolutionGuid = {E9CE1D80-3C27-41F1-BF7D-2AD2AFA5C07D}
	EndGlobalSection
EndGlobal
